
Microsoft Visual Studio Solution File, Format Version 12.00
# Visual Studio Version 17
VisualStudioVersion = 17.8.34330.188
MinimumVisualStudioVersion = 10.0.40219.1
Project("{8BC9CEB8-8B4A-11D0-8D11-00A0C91BC942}") = "Borderless", "Borderless\Borderless.vcxproj", "{A8568345-60A3-4ED4-A928-1F06B63F98C2}"
EndProject
Project("{8BC9CEB8-8B4A-11D0-8D11-00A0C91BC942}") = "QuiltDX", "QuiltDX\QuiltDX.vcxproj", "{BD606571-8AAB-48D1-8A1D-63B03B1BE65D}"
EndProject
Global
	GlobalSection(SolutionConfigurationPlatforms) = preSolution
		Debug|x64 = Debug|x64
		Debug|x86 = Debug|x86
		Release|x64 = Release|x64
		Release|x86 = Release|x86
	EndGlobalSection
	GlobalSection(ProjectConfigurationPlatforms) = postSolution
		{A8568345-60A3-4ED4-A928-1F06B63F98C2}.Debug|x64.ActiveCfg = Debug|x64
		{A8568345-60A3-4ED4-A928-1F06B63F98C2}.Debug|x64.Build.0 = Debug|x64
		{A8568345-60A3-4ED4-A928-1F06B63F98C2}.Debug|x86.ActiveCfg = Debug|Win32
		{A8568345-60A3-4ED4-A928-1F06B63F98C2}.Debug|x86.Build.0 = Debug|Win32
		{A8568345-60A3-4ED4-A928-1F06B63F98C2}.Release|x64.ActiveCfg = Release|x64
		{A8568345-60A3-4ED4-A928-1F06B63F98C2}.Release|x64.Build.0 = Release|x64
		{A8568345-60A3-4ED4-A928-1F06B63F98C2}.Release|x86.ActiveCfg = Release|Win32
		{A8568345-60A3-4ED4-A928-1F06B63F98C2}.Release|x86.Build.0 = Release|Win32
		{BD606571-8AAB-48D1-8A1D-63B03B1BE65D}.Debug|x64.ActiveCfg = Debug|x64
		{BD606571-8AAB-48D1-8A1D-63B03B1BE65D}.Debug|x64.Build.0 = Debug|x64
		{BD606571-8AAB-48D1-8A1D-63B03B1BE65D}.Debug|x86.ActiveCfg = Debug|Win32
		{BD606571-8AAB-48D1-8A1D-63B03B1BE65D}.Debug|x86.Build.0 = Debug|Win32
		{BD606571-8AAB-48D1-8A1D-63B03B1BE65D}.Release|x64.ActiveCfg = Release|x64
		{BD606571-8AAB-48D1-8A1D-63B03B1BE65D}.Release|x64.Build.0 = Release|x64
		{BD606571-8AAB-48D1-8A1D-63B03B1BE65D}.Release|x86.ActiveCfg = Release|Win32
		{BD606571-8AAB-48D1-8A1D-63B03B1BE65D}.Release|x86.Build.0 = Release|Win32
	EndGlobalSection
	GlobalSection(SolutionProperties) = preSolution
		HideSolutionNode = FALSE
	EndGlobalSection
	GlobalSection(ExtensibilityGlobals) = postSolution
		SolutionGuid = {2AE8189F-388D-4FF2-9929-A5C8632CEADA}
	EndGlobalSection
EndGlobal
