
Microsoft Visual Studio Solution File, Format Version 12.00
# Visual Studio Version 17
VisualStudioVersion = 17.8.34330.188
MinimumVisualStudioVersion = 10.0.40219.1
Project("{8BC9CEB8-8B4A-11D0-8D11-00A0C91BC942}") = "Borderless", "Borderless\Borderless.vcxproj", "{A8568345-60A3-4ED4-A928-1F06B63F98C2}"
EndProject
Project("{8BC9CEB8-8B4A-11D0-8D11-00A0C91BC942}") = "QuiltDX", "QuiltDX\QuiltDX.vcxproj", "{BD606571-8AAB-48D1-8A1D-63B03B1BE65D}"
EndProject
Project("{8BC9CEB8-8B4A-11D0-8D11-00A0C91BC942}") = "QuiltVK", "QuiltVK\QuiltVK.vcxproj", "{19EAC00F-C207-430D-8196-F6279E308771}"
EndProject
Project("{8BC9CEB8-8B4A-11D0-8D11-00A0C91BC942}") = "MeshDX", "MeshDX\MeshDX.vcxproj", "{05138E4B-8300-486E-A7E4-8C9C664D12D1}"
EndProject
Project("{8BC9CEB8-8B4A-11D0-8D11-00A0C91BC942}") = "MeshVK", "MeshVK\MeshVK.vcxproj", "{F1F29A1C-C8E4-402A-8080-F5B8B206E925}"
EndProject
Project("{8BC9CEB8-8B4A-11D0-8D11-00A0C91BC942}") = "Mesh2DX", "Mesh2DX\Mesh2DX.vcxproj", "{D182DD89-5B60-47F9-AD38-C1C5A8A44CA5}"
EndProject
Project("{8BC9CEB8-8B4A-11D0-8D11-00A0C91BC942}") = "Mesh2VK", "Mesh2VK\Mesh2VK.vcxproj", "{D86EBB32-4F93-40EF-89EB-DA08072644DB}"
EndProject
Project("{8BC9CEB8-8B4A-11D0-8D11-00A0C91BC942}") = "DisplacementDX", "DisplacementDX\DisplacementDX.vcxproj", "{3FDEBE85-D45B-47F1-A168-D8C56E0D0446}"
EndProject
Project("{8BC9CEB8-8B4A-11D0-8D11-00A0C91BC942}") = "DisplacementVK", "DisplacementVK\DisplacementVK.vcxproj", "{1E3671B9-5E65-40E5-BE86-415FC5F0ACA9}"
EndProject
Project("{8BC9CEB8-8B4A-11D0-8D11-00A0C91BC942}") = "DepthSensorDX", "DepthSensorDX\DepthSensorDX.vcxproj", "{E9B08B1E-65DA-40EE-9373-998ECD10DE5C}"
EndProject
Project("{8BC9CEB8-8B4A-11D0-8D11-00A0C91BC942}") = "DepthSensorVK", "DepthSensorVK\DepthSensorVK.vcxproj", "{1E87A622-6D6A-4DED-858D-FBF82DECDB07}"
EndProject
Project("{8BC9CEB8-8B4A-11D0-8D11-00A0C91BC942}") = "StereoDX", "StereoDX\StereoDX.vcxproj", "{E69803FB-3748-44E3-995E-EF3CD1805057}"
EndProject
Project("{8BC9CEB8-8B4A-11D0-8D11-00A0C91BC942}") = "StereoVK", "StereoVK\StereoVK.vcxproj", "{D2CD15FC-36FF-4C40-9F24-C950F2D6D2E8}"
EndProject
Project("{8BC9CEB8-8B4A-11D0-8D11-00A0C91BC942}") = "Bridge", "Bridge\Bridge.vcxproj", "{A5DE0F33-BF72-4DFD-B171-72ED9E2A6A07}"
EndProject
Global
	GlobalSection(SolutionConfigurationPlatforms) = preSolution
		Debug|x64 = Debug|x64
		Debug|x86 = Debug|x86
		Release|x64 = Release|x64
		Release|x86 = Release|x86
	EndGlobalSection
	GlobalSection(ProjectConfigurationPlatforms) = postSolution
		{A8568345-60A3-4ED4-A928-1F06B63F98C2}.Debug|x64.ActiveCfg = Debug|x64
		{A8568345-60A3-4ED4-A928-1F06B63F98C2}.Debug|x64.Build.0 = Debug|x64
		{A8568345-60A3-4ED4-A928-1F06B63F98C2}.Debug|x86.ActiveCfg = Debug|Win32
		{A8568345-60A3-4ED4-A928-1F06B63F98C2}.Debug|x86.Build.0 = Debug|Win32
		{A8568345-60A3-4ED4-A928-1F06B63F98C2}.Release|x64.ActiveCfg = Release|x64
		{A8568345-60A3-4ED4-A928-1F06B63F98C2}.Release|x64.Build.0 = Release|x64
		{A8568345-60A3-4ED4-A928-1F06B63F98C2}.Release|x86.ActiveCfg = Release|Win32
		{A8568345-60A3-4ED4-A928-1F06B63F98C2}.Release|x86.Build.0 = Release|Win32
		{BD606571-8AAB-48D1-8A1D-63B03B1BE65D}.Debug|x64.ActiveCfg = Debug|x64
		{BD606571-8AAB-48D1-8A1D-63B03B1BE65D}.Debug|x64.Build.0 = Debug|x64
		{BD606571-8AAB-48D1-8A1D-63B03B1BE65D}.Debug|x86.ActiveCfg = Debug|Win32
		{BD606571-8AAB-48D1-8A1D-63B03B1BE65D}.Debug|x86.Build.0 = Debug|Win32
		{BD606571-8AAB-48D1-8A1D-63B03B1BE65D}.Release|x64.ActiveCfg = Release|x64
		{BD606571-8AAB-48D1-8A1D-63B03B1BE65D}.Release|x64.Build.0 = Release|x64
		{BD606571-8AAB-48D1-8A1D-63B03B1BE65D}.Release|x86.ActiveCfg = Release|Win32
		{BD606571-8AAB-48D1-8A1D-63B03B1BE65D}.Release|x86.Build.0 = Release|Win32
		{19EAC00F-C207-430D-8196-F6279E308771}.Debug|x64.ActiveCfg = Debug|x64
		{19EAC00F-C207-430D-8196-F6279E308771}.Debug|x64.Build.0 = Debug|x64
		{19EAC00F-C207-430D-8196-F6279E308771}.Debug|x86.ActiveCfg = Debug|Win32
		{19EAC00F-C207-430D-8196-F6279E308771}.Debug|x86.Build.0 = Debug|Win32
		{19EAC00F-C207-430D-8196-F6279E308771}.Release|x64.ActiveCfg = Release|x64
		{19EAC00F-C207-430D-8196-F6279E308771}.Release|x64.Build.0 = Release|x64
		{19EAC00F-C207-430D-8196-F6279E308771}.Release|x86.ActiveCfg = Release|Win32
		{19EAC00F-C207-430D-8196-F6279E308771}.Release|x86.Build.0 = Release|Win32
		{05138E4B-8300-486E-A7E4-8C9C664D12D1}.Debug|x64.ActiveCfg = Debug|x64
		{05138E4B-8300-486E-A7E4-8C9C664D12D1}.Debug|x64.Build.0 = Debug|x64
		{05138E4B-8300-486E-A7E4-8C9C664D12D1}.Debug|x86.ActiveCfg = Debug|Win32
		{05138E4B-8300-486E-A7E4-8C9C664D12D1}.Debug|x86.Build.0 = Debug|Win32
		{05138E4B-8300-486E-A7E4-8C9C664D12D1}.Release|x64.ActiveCfg = Release|x64
		{05138E4B-8300-486E-A7E4-8C9C664D12D1}.Release|x64.Build.0 = Release|x64
		{05138E4B-8300-486E-A7E4-8C9C664D12D1}.Release|x86.ActiveCfg = Release|Win32
		{05138E4B-8300-486E-A7E4-8C9C664D12D1}.Release|x86.Build.0 = Release|Win32
		{F1F29A1C-C8E4-402A-8080-F5B8B206E925}.Debug|x64.ActiveCfg = Debug|x64
		{F1F29A1C-C8E4-402A-8080-F5B8B206E925}.Debug|x64.Build.0 = Debug|x64
		{F1F29A1C-C8E4-402A-8080-F5B8B206E925}.Debug|x86.ActiveCfg = Debug|Win32
		{F1F29A1C-C8E4-402A-8080-F5B8B206E925}.Debug|x86.Build.0 = Debug|Win32
		{F1F29A1C-C8E4-402A-8080-F5B8B206E925}.Release|x64.ActiveCfg = Release|x64
		{F1F29A1C-C8E4-402A-8080-F5B8B206E925}.Release|x64.Build.0 = Release|x64
		{F1F29A1C-C8E4-402A-8080-F5B8B206E925}.Release|x86.ActiveCfg = Release|Win32
		{F1F29A1C-C8E4-402A-8080-F5B8B206E925}.Release|x86.Build.0 = Release|Win32
		{D182DD89-5B60-47F9-AD38-C1C5A8A44CA5}.Debug|x64.ActiveCfg = Debug|x64
		{D182DD89-5B60-47F9-AD38-C1C5A8A44CA5}.Debug|x64.Build.0 = Debug|x64
		{D182DD89-5B60-47F9-AD38-C1C5A8A44CA5}.Debug|x86.ActiveCfg = Debug|Win32
		{D182DD89-5B60-47F9-AD38-C1C5A8A44CA5}.Debug|x86.Build.0 = Debug|Win32
		{D182DD89-5B60-47F9-AD38-C1C5A8A44CA5}.Release|x64.ActiveCfg = Release|x64
		{D182DD89-5B60-47F9-AD38-C1C5A8A44CA5}.Release|x64.Build.0 = Release|x64
		{D182DD89-5B60-47F9-AD38-C1C5A8A44CA5}.Release|x86.ActiveCfg = Release|Win32
		{D182DD89-5B60-47F9-AD38-C1C5A8A44CA5}.Release|x86.Build.0 = Release|Win32
		{D86EBB32-4F93-40EF-89EB-DA08072644DB}.Debug|x64.ActiveCfg = Debug|x64
		{D86EBB32-4F93-40EF-89EB-DA08072644DB}.Debug|x64.Build.0 = Debug|x64
		{D86EBB32-4F93-40EF-89EB-DA08072644DB}.Debug|x86.ActiveCfg = Debug|Win32
		{D86EBB32-4F93-40EF-89EB-DA08072644DB}.Debug|x86.Build.0 = Debug|Win32
		{D86EBB32-4F93-40EF-89EB-DA08072644DB}.Release|x64.ActiveCfg = Release|x64
		{D86EBB32-4F93-40EF-89EB-DA08072644DB}.Release|x64.Build.0 = Release|x64
		{D86EBB32-4F93-40EF-89EB-DA08072644DB}.Release|x86.ActiveCfg = Release|Win32
		{D86EBB32-4F93-40EF-89EB-DA08072644DB}.Release|x86.Build.0 = Release|Win32
		{3FDEBE85-D45B-47F1-A168-D8C56E0D0446}.Debug|x64.ActiveCfg = Debug|x64
		{3FDEBE85-D45B-47F1-A168-D8C56E0D0446}.Debug|x64.Build.0 = Debug|x64
		{3FDEBE85-D45B-47F1-A168-D8C56E0D0446}.Debug|x86.ActiveCfg = Debug|Win32
		{3FDEBE85-D45B-47F1-A168-D8C56E0D0446}.Debug|x86.Build.0 = Debug|Win32
		{3FDEBE85-D45B-47F1-A168-D8C56E0D0446}.Release|x64.ActiveCfg = Release|x64
		{3FDEBE85-D45B-47F1-A168-D8C56E0D0446}.Release|x64.Build.0 = Release|x64
		{3FDEBE85-D45B-47F1-A168-D8C56E0D0446}.Release|x86.ActiveCfg = Release|Win32
		{3FDEBE85-D45B-47F1-A168-D8C56E0D0446}.Release|x86.Build.0 = Release|Win32
		{1E3671B9-5E65-40E5-BE86-415FC5F0ACA9}.Debug|x64.ActiveCfg = Debug|x64
		{1E3671B9-5E65-40E5-BE86-415FC5F0ACA9}.Debug|x64.Build.0 = Debug|x64
		{1E3671B9-5E65-40E5-BE86-415FC5F0ACA9}.Debug|x86.ActiveCfg = Debug|Win32
		{1E3671B9-5E65-40E5-BE86-415FC5F0ACA9}.Debug|x86.Build.0 = Debug|Win32
		{1E3671B9-5E65-40E5-BE86-415FC5F0ACA9}.Release|x64.ActiveCfg = Release|x64
		{1E3671B9-5E65-40E5-BE86-415FC5F0ACA9}.Release|x64.Build.0 = Release|x64
		{1E3671B9-5E65-40E5-BE86-415FC5F0ACA9}.Release|x86.ActiveCfg = Release|Win32
		{1E3671B9-5E65-40E5-BE86-415FC5F0ACA9}.Release|x86.Build.0 = Release|Win32
		{E9B08B1E-65DA-40EE-9373-998ECD10DE5C}.Debug|x64.ActiveCfg = Debug|x64
		{E9B08B1E-65DA-40EE-9373-998ECD10DE5C}.Debug|x64.Build.0 = Debug|x64
		{E9B08B1E-65DA-40EE-9373-998ECD10DE5C}.Debug|x86.ActiveCfg = Debug|Win32
		{E9B08B1E-65DA-40EE-9373-998ECD10DE5C}.Debug|x86.Build.0 = Debug|Win32
		{E9B08B1E-65DA-40EE-9373-998ECD10DE5C}.Release|x64.ActiveCfg = Release|x64
		{E9B08B1E-65DA-40EE-9373-998ECD10DE5C}.Release|x64.Build.0 = Release|x64
		{E9B08B1E-65DA-40EE-9373-998ECD10DE5C}.Release|x86.ActiveCfg = Release|Win32
		{E9B08B1E-65DA-40EE-9373-998ECD10DE5C}.Release|x86.Build.0 = Release|Win32
		{1E87A622-6D6A-4DED-858D-FBF82DECDB07}.Debug|x64.ActiveCfg = Debug|x64
		{1E87A622-6D6A-4DED-858D-FBF82DECDB07}.Debug|x64.Build.0 = Debug|x64
		{1E87A622-6D6A-4DED-858D-FBF82DECDB07}.Debug|x86.ActiveCfg = Debug|Win32
		{1E87A622-6D6A-4DED-858D-FBF82DECDB07}.Debug|x86.Build.0 = Debug|Win32
		{1E87A622-6D6A-4DED-858D-FBF82DECDB07}.Release|x64.ActiveCfg = Release|x64
		{1E87A622-6D6A-4DED-858D-FBF82DECDB07}.Release|x64.Build.0 = Release|x64
		{1E87A622-6D6A-4DED-858D-FBF82DECDB07}.Release|x86.ActiveCfg = Release|Win32
		{1E87A622-6D6A-4DED-858D-FBF82DECDB07}.Release|x86.Build.0 = Release|Win32
		{E69803FB-3748-44E3-995E-EF3CD1805057}.Debug|x64.ActiveCfg = Debug|x64
		{E69803FB-3748-44E3-995E-EF3CD1805057}.Debug|x64.Build.0 = Debug|x64
		{E69803FB-3748-44E3-995E-EF3CD1805057}.Debug|x86.ActiveCfg = Debug|Win32
		{E69803FB-3748-44E3-995E-EF3CD1805057}.Debug|x86.Build.0 = Debug|Win32
		{E69803FB-3748-44E3-995E-EF3CD1805057}.Release|x64.ActiveCfg = Release|x64
		{E69803FB-3748-44E3-995E-EF3CD1805057}.Release|x64.Build.0 = Release|x64
		{E69803FB-3748-44E3-995E-EF3CD1805057}.Release|x86.ActiveCfg = Release|Win32
		{E69803FB-3748-44E3-995E-EF3CD1805057}.Release|x86.Build.0 = Release|Win32
		{D2CD15FC-36FF-4C40-9F24-C950F2D6D2E8}.Debug|x64.ActiveCfg = Debug|x64
		{D2CD15FC-36FF-4C40-9F24-C950F2D6D2E8}.Debug|x64.Build.0 = Debug|x64
		{D2CD15FC-36FF-4C40-9F24-C950F2D6D2E8}.Debug|x86.ActiveCfg = Debug|Win32
		{D2CD15FC-36FF-4C40-9F24-C950F2D6D2E8}.Debug|x86.Build.0 = Debug|Win32
		{D2CD15FC-36FF-4C40-9F24-C950F2D6D2E8}.Release|x64.ActiveCfg = Release|x64
		{D2CD15FC-36FF-4C40-9F24-C950F2D6D2E8}.Release|x64.Build.0 = Release|x64
		{D2CD15FC-36FF-4C40-9F24-C950F2D6D2E8}.Release|x86.ActiveCfg = Release|Win32
		{D2CD15FC-36FF-4C40-9F24-C950F2D6D2E8}.Release|x86.Build.0 = Release|Win32
		{A5DE0F33-BF72-4DFD-B171-72ED9E2A6A07}.Debug|x64.ActiveCfg = Debug|x64
		{A5DE0F33-BF72-4DFD-B171-72ED9E2A6A07}.Debug|x64.Build.0 = Debug|x64
		{A5DE0F33-BF72-4DFD-B171-72ED9E2A6A07}.Debug|x86.ActiveCfg = Debug|Win32
		{A5DE0F33-BF72-4DFD-B171-72ED9E2A6A07}.Debug|x86.Build.0 = Debug|Win32
		{A5DE0F33-BF72-4DFD-B171-72ED9E2A6A07}.Release|x64.ActiveCfg = Release|x64
		{A5DE0F33-BF72-4DFD-B171-72ED9E2A6A07}.Release|x64.Build.0 = Release|x64
		{A5DE0F33-BF72-4DFD-B171-72ED9E2A6A07}.Release|x86.ActiveCfg = Release|Win32
		{A5DE0F33-BF72-4DFD-B171-72ED9E2A6A07}.Release|x86.Build.0 = Release|Win32
	EndGlobalSection
	GlobalSection(SolutionProperties) = preSolution
		HideSolutionNode = FALSE
	EndGlobalSection
	GlobalSection(ExtensibilityGlobals) = postSolution
		SolutionGuid = {2AE8189F-388D-4FF2-9929-A5C8632CEADA}
	EndGlobalSection
EndGlobal
